{
  "name": "pretty-random",
  "version": "1.0.1",
  "lockfileVersion": 2,
  "requires": true,
  "packages": {
    "": {
      "name": "pretty-random",
      "version": "1.0.1",
      "license": "MIT",
      "dependencies": {
        "pretty-random": "^1.0.1"
      }
    },
    "node_modules/pretty-random": {
      "version": "1.0.1",
      "resolved": "https://registry.npmjs.org/pretty-random/-/pretty-random-1.0.1.tgz",
      "integrity": "sha512-SpR+7T/VqFA4AQrAINXApS1Px72mcdmSAilL+jqQz7TLmaoP1sbIMyVGOjHkiKiJQQJv7dC0B63kSu0U1VIqxA=="
    }
  },
  "dependencies": {
    "pretty-random": {
      "version": "1.0.1",
      "resolved": "https://registry.npmjs.org/pretty-random/-/pretty-random-1.0.1.tgz",
      "integrity": "sha512-SpR+7T/VqFA4AQrAINXApS1Px72mcdmSAilL+jqQz7TLmaoP1sbIMyVGOjHkiKiJQQJv7dC0B63kSu0U1VIqxA=="
    }
  }
}
